{
  "name": "esbuild-any-named-export",
  "version": "1.0.0",
  "lockfileVersion": 2,
  "requires": true,
  "packages": {
    "": {
      "name": "esbuild-any-named-export",
      "version": "1.0.0",
      "license": "MIT",
      "dependencies": {
        "@altv/types-client": "^2.0.0",
        "@altv/types-natives": "^1.4.4",
        "@altv/types-shared": "^1.1.2",
        "altv-client-xstreamer": "^0.0.2",
        "altv-esbuild-client-worker": "^0.1.1",
        "esbuild": "^0.13.8"
      }
    },
    "node_modules/@altv/types-client": {
      "version": "2.0.0",
      "resolved": "https://registry.npmjs.org/@altv/types-client/-/types-client-2.0.0.tgz",
      "integrity": "sha512-Ev+hYKAqWhExlA+OFAIuO9UYZv+lrcpZugSprXeLpq8mL09zYZkCoB7BpFkbuycGQ8N3qwLMR5E1rxRoo+tO3w==",
      "peerDependencies": {
        "@altv/types-shared": "1.1.x",
        "@altv/types-worker": "1.0.x"
      }
    },
    "node_modules/@altv/types-natives": {
      "version": "1.4.4",
      "resolved": "https://registry.npmjs.org/@altv/types-natives/-/types-natives-1.4.4.tgz",
      "integrity": "sha512-qcIPhpRAhGnErtf3p1iVGL6CIUJWc1IdYJl6K9T5c7W8Nd9RM2cv4JIyQg3TTXLiu+1gAZlkD8KyYKIfs5BqnQ==",
      "peerDependencies": {
        "@altv/types-client": ">=1.7.0"
      }
    },
    "node_modules/@altv/types-shared": {
      "version": "1.1.2",
      "resolved": "https://registry.npmjs.org/@altv/types-shared/-/types-shared-1.1.2.tgz",
      "integrity": "sha512-jsSDRlIW+hsIMco1NkAUCUtf2oW83MfcA0Hhf0jkJjkx9ehl8n+YRGVRi4Mcejpt35BmAkTvgn1AvvAMk66miw=="
    },
    "node_modules/@altv/types-worker": {
      "version": "1.0.5",
      "resolved": "https://registry.npmjs.org/@altv/types-worker/-/types-worker-1.0.5.tgz",
      "integrity": "sha512-BM8NlTVpKyf4gYy2jdUxMeoyoGM4xCvXdp8lDf2xqzBWd9CqZLfgoWCYLjhczh9fKkqprMkOJEAyPkgDd9h44A==",
      "peer": true,
      "peerDependencies": {
        "@altv/types-client": "2.0.x"
      }
    },
    "node_modules/altv-client-xstreamer": {
      "version": "0.0.2",
      "resolved": "https://registry.npmjs.org/altv-client-xstreamer/-/altv-client-xstreamer-0.0.2.tgz",
      "integrity": "sha512-mvZ2bIEn3SDyvuxp2DqA/OeVD4ENab0p1MSezQJWAFhrsYfXBfLkt6w3mPS0f+USBdIfqwkFsOIOdnMfx5DbBw==",
      "peerDependencies": {
        "altv-esbuild-client-worker": "0.x"
      }
    },
    "node_modules/altv-esbuild-client-worker": {
      "version": "0.1.1",
      "resolved": "https://registry.npmjs.org/altv-esbuild-client-worker/-/altv-esbuild-client-worker-0.1.1.tgz",
      "integrity": "sha512-jQy37cEZMDzOAKrIky7ZimfraGLUKCm2pGfVlyPD179aduhJi2TtjuKOFgHLxO+ZuiFmZpgVu3fpf+t1lMo71w==",
      "peerDependencies": {
        "@altv/types-client": "2.x",
        "@altv/types-shared": "1.x",
        "esbuild": "0.x"
      }
    },
    "node_modules/esbuild": {
      "version": "0.13.8",
      "resolved": "https://registry.npmjs.org/esbuild/-/esbuild-0.13.8.tgz",
      "integrity": "sha512-A4af7G7YZLfG5OnARJRMtlpEsCkq/zHZQXewgPA864l9D6VjjbH1SuFYK/OSV6BtHwDGkdwyRrX0qQFLnMfUcw==",
      "hasInstallScript": true,
      "bin": {
        "esbuild": "bin/esbuild"
      },
      "optionalDependencies": {
        "esbuild-android-arm64": "0.13.8",
        "esbuild-darwin-64": "0.13.8",
        "esbuild-darwin-arm64": "0.13.8",
        "esbuild-freebsd-64": "0.13.8",
        "esbuild-freebsd-arm64": "0.13.8",
        "esbuild-linux-32": "0.13.8",
        "esbuild-linux-64": "0.13.8",
        "esbuild-linux-arm": "0.13.8",
        "esbuild-linux-arm64": "0.13.8",
        "esbuild-linux-mips64le": "0.13.8",
        "esbuild-linux-ppc64le": "0.13.8",
        "esbuild-netbsd-64": "0.13.8",
        "esbuild-openbsd-64": "0.13.8",
        "esbuild-sunos-64": "0.13.8",
        "esbuild-windows-32": "0.13.8",
        "esbuild-windows-64": "0.13.8",
        "esbuild-windows-arm64": "0.13.8"
      }
    },
    "node_modules/esbuild-android-arm64": {
      "version": "0.13.8",
      "resolved": "https://registry.npmjs.org/esbuild-android-arm64/-/esbuild-android-arm64-0.13.8.tgz",
      "integrity": "sha512-AilbChndywpk7CdKkNSZ9klxl+9MboLctXd9LwLo3b0dawmOF/i/t2U5d8LM6SbT1Xw36F8yngSUPrd8yPs2RA==",
      "cpu": [
        "arm64"
      ],
      "optional": true,
      "os": [
        "android"
      ]
    },
    "node_modules/esbuild-darwin-64": {
      "version": "0.13.8",
      "resolved": "https://registry.npmjs.org/esbuild-darwin-64/-/esbuild-darwin-64-0.13.8.tgz",
      "integrity": "sha512-b6sdiT84zV5LVaoF+UoMVGJzR/iE2vNUfUDfFQGrm4LBwM/PWXweKpuu6RD9mcyCq18cLxkP6w/LD/w9DtX3ng==",
      "cpu": [
        "x64"
      ],
      "optional": true,
      "os": [
        "darwin"
      ]
    },
    "node_modules/esbuild-darwin-arm64": {
      "version": "0.13.8",
      "resolved": "https://registry.npmjs.org/esbuild-darwin-arm64/-/esbuild-darwin-arm64-0.13.8.tgz",
      "integrity": "sha512-R8YuPiiJayuJJRUBG4H0VwkEKo6AvhJs2m7Tl0JaIer3u1FHHXwGhMxjJDmK+kXwTFPriSysPvcobXC/UrrZCQ==",
      "cpu": [
        "arm64"
      ],
      "optional": true,
      "os": [
        "darwin"
      ]
    },
    "node_modules/esbuild-freebsd-64": {
      "version": "0.13.8",
      "resolved": "https://registry.npmjs.org/esbuild-freebsd-64/-/esbuild-freebsd-64-0.13.8.tgz",
      "integrity": "sha512-zBn6urrn8FnKC+YSgDxdof9jhPCeU8kR/qaamlV4gI8R3KUaUK162WYM7UyFVAlj9N0MyD3AtB+hltzu4cysTw==",
      "cpu": [
        "x64"
      ],
      "optional": true,
      "os": [
        "freebsd"
      ]
    },
    "node_modules/esbuild-freebsd-arm64": {
      "version": "0.13.8",
      "resolved": "https://registry.npmjs.org/esbuild-freebsd-arm64/-/esbuild-freebsd-arm64-0.13.8.tgz",
      "integrity": "sha512-pWW2slN7lGlkx0MOEBoUGwRX5UgSCLq3dy2c8RIOpiHtA87xAUpDBvZK10MykbT+aMfXc0NI2lu1X+6kI34xng==",
      "cpu": [
        "arm64"
      ],
      "optional": true,
      "os": [
        "freebsd"
      ]
    },
    "node_modules/esbuild-linux-32": {
      "version": "0.13.8",
      "resolved": "https://registry.npmjs.org/esbuild-linux-32/-/esbuild-linux-32-0.13.8.tgz",
      "integrity": "sha512-T0I0ueeKVO/Is0CAeSEOG9s2jeNNb8jrrMwG9QBIm3UU18MRB60ERgkS2uV3fZ1vP2F8i3Z2e3Zju4lg9dhVmw==",
      "cpu": [
        "ia32"
      ],
      "optional": true,
      "os": [
        "linux"
      ]
    },
    "node_modules/esbuild-linux-64": {
      "version": "0.13.8",
      "resolved": "https://registry.npmjs.org/esbuild-linux-64/-/esbuild-linux-64-0.13.8.tgz",
      "integrity": "sha512-Bm8SYmFtvfDCIu9sjKppFXzRXn2BVpuCinU1ChTuMtdKI/7aPpXIrkqBNOgPTOQO9AylJJc1Zw6EvtKORhn64w==",
      "cpu": [
        "x64"
      ],
      "optional": true,
      "os": [
        "linux"
      ]
    },
    "node_modules/esbuild-linux-arm": {
      "version": "0.13.8",
      "resolved": "https://registry.npmjs.org/esbuild-linux-arm/-/esbuild-linux-arm-0.13.8.tgz",
      "integrity": "sha512-4/HfcC40LJ4GPyboHA+db0jpFarTB628D1ifU+/5bunIgY+t6mHkJWyxWxAAE8wl/ZIuRYB9RJFdYpu1AXGPdg==",
      "cpu": [
        "arm"
      ],
      "optional": true,
      "os": [
        "linux"
      ]
    },
    "node_modules/esbuild-linux-arm64": {
      "version": "0.13.8",
      "resolved": "https://registry.npmjs.org/esbuild-linux-arm64/-/esbuild-linux-arm64-0.13.8.tgz",
      "integrity": "sha512-X4pWZ+SL+FJ09chWFgRNO3F+YtvAQRcWh0uxKqZSWKiWodAB20flsW/OWFYLXBKiVCTeoGMvENZS/GeVac7+tQ==",
      "cpu": [
        "arm64"
      ],
      "optional": true,
      "os": [
        "linux"
      ]
    },
    "node_modules/esbuild-linux-mips64le": {
      "version": "0.13.8",
      "resolved": "https://registry.npmjs.org/esbuild-linux-mips64le/-/esbuild-linux-mips64le-0.13.8.tgz",
      "integrity": "sha512-o7e0D+sqHKT31v+mwFircJFjwSKVd2nbkHEn4l9xQ1hLR+Bv8rnt3HqlblY3+sBdlrOTGSwz0ReROlKUMJyldA==",
      "cpu": [
        "mips64el"
      ],
      "optional": true,
      "os": [
        "linux"
      ]
    },
    "node_modules/esbuild-linux-ppc64le": {
      "version": "0.13.8",
      "resolved": "https://registry.npmjs.org/esbuild-linux-ppc64le/-/esbuild-linux-ppc64le-0.13.8.tgz",
      "integrity": "sha512-eZSQ0ERsWkukJp2px/UWJHVNuy0lMoz/HZcRWAbB6reoaBw7S9vMzYNUnflfL3XA6WDs+dZn3ekHE4Y2uWLGig==",
      "cpu": [
        "ppc64"
      ],
      "optional": true,
      "os": [
        "linux"
      ]
    },
    "node_modules/esbuild-netbsd-64": {
      "version": "0.13.8",
      "resolved": "https://registry.npmjs.org/esbuild-netbsd-64/-/esbuild-netbsd-64-0.13.8.tgz",
      "integrity": "sha512-gZX4kP7gVvOrvX0ZwgHmbuHczQUwqYppxqtoyC7VNd80t5nBHOFXVhWo2Ad/Lms0E8b+wwgI/WjZFTCpUHOg9Q==",
      "cpu": [
        "x64"
      ],
      "optional": true,
      "os": [
        "netbsd"
      ]
    },
    "node_modules/esbuild-openbsd-64": {
      "version": "0.13.8",
      "resolved": "https://registry.npmjs.org/esbuild-openbsd-64/-/esbuild-openbsd-64-0.13.8.tgz",
      "integrity": "sha512-afzza308X4WmcebexbTzAgfEWt9MUkdTvwIa8xOu4CM2qGbl2LanqEl8/LUs8jh6Gqw6WsicEK52GPrS9wvkcw==",
      "cpu": [
        "x64"
      ],
      "optional": true,
      "os": [
        "openbsd"
      ]
    },
    "node_modules/esbuild-sunos-64": {
      "version": "0.13.8",
      "resolved": "https://registry.npmjs.org/esbuild-sunos-64/-/esbuild-sunos-64-0.13.8.tgz",
      "integrity": "sha512-mWPZibmBbuMKD+LDN23LGcOZ2EawMYBONMXXHmbuxeT0XxCNwadbCVwUQ/2p5Dp5Kvf6mhrlIffcnWOiCBpiVw==",
      "cpu": [
        "x64"
      ],
      "optional": true,
      "os": [
        "sunos"
      ]
    },
    "node_modules/esbuild-windows-32": {
      "version": "0.13.8",
      "resolved": "https://registry.npmjs.org/esbuild-windows-32/-/esbuild-windows-32-0.13.8.tgz",
      "integrity": "sha512-QsZ1HnWIcnIEApETZWw8HlOhDSWqdZX2SylU7IzGxOYyVcX7QI06ety/aDcn437mwyO7Ph4RrbhB+2ntM8kX8A==",
      "cpu": [
        "ia32"
      ],
      "optional": true,
      "os": [
        "win32"
      ]
    },
    "node_modules/esbuild-windows-64": {
      "version": "0.13.8",
      "resolved": "https://registry.npmjs.org/esbuild-windows-64/-/esbuild-windows-64-0.13.8.tgz",
      "integrity": "sha512-76Fb57B9eE/JmJi1QmUW0tRLQZfGo0it+JeYoCDTSlbTn7LV44ecOHIMJSSgZADUtRMWT9z0Kz186bnaB3amSg==",
      "cpu": [
        "x64"
      ],
      "optional": true,
      "os": [
        "win32"
      ]
    },
    "node_modules/esbuild-windows-arm64": {
      "version": "0.13.8",
      "resolved": "https://registry.npmjs.org/esbuild-windows-arm64/-/esbuild-windows-arm64-0.13.8.tgz",
      "integrity": "sha512-HW6Mtq5eTudllxY2YgT62MrVcn7oq2o8TAoAvDUhyiEmRmDY8tPwAhb1vxw5/cdkbukM3KdMYtksnUhF/ekWeg==",
      "cpu": [
        "arm64"
      ],
      "optional": true,
      "os": [
        "win32"
      ]
    }
  },
  "dependencies": {
    "@altv/types-client": {
      "version": "2.0.0",
      "resolved": "https://registry.npmjs.org/@altv/types-client/-/types-client-2.0.0.tgz",
      "integrity": "sha512-Ev+hYKAqWhExlA+OFAIuO9UYZv+lrcpZugSprXeLpq8mL09zYZkCoB7BpFkbuycGQ8N3qwLMR5E1rxRoo+tO3w==",
      "requires": {}
    },
    "@altv/types-natives": {
      "version": "1.4.4",
      "resolved": "https://registry.npmjs.org/@altv/types-natives/-/types-natives-1.4.4.tgz",
      "integrity": "sha512-qcIPhpRAhGnErtf3p1iVGL6CIUJWc1IdYJl6K9T5c7W8Nd9RM2cv4JIyQg3TTXLiu+1gAZlkD8KyYKIfs5BqnQ==",
      "requires": {}
    },
    "@altv/types-shared": {
      "version": "1.1.2",
      "resolved": "https://registry.npmjs.org/@altv/types-shared/-/types-shared-1.1.2.tgz",
      "integrity": "sha512-jsSDRlIW+hsIMco1NkAUCUtf2oW83MfcA0Hhf0jkJjkx9ehl8n+YRGVRi4Mcejpt35BmAkTvgn1AvvAMk66miw=="
    },
    "@altv/types-worker": {
      "version": "1.0.5",
      "resolved": "https://registry.npmjs.org/@altv/types-worker/-/types-worker-1.0.5.tgz",
      "integrity": "sha512-BM8NlTVpKyf4gYy2jdUxMeoyoGM4xCvXdp8lDf2xqzBWd9CqZLfgoWCYLjhczh9fKkqprMkOJEAyPkgDd9h44A==",
      "peer": true,
      "requires": {}
    },
    "altv-client-xstreamer": {
      "version": "0.0.2",
      "resolved": "https://registry.npmjs.org/altv-client-xstreamer/-/altv-client-xstreamer-0.0.2.tgz",
      "integrity": "sha512-mvZ2bIEn3SDyvuxp2DqA/OeVD4ENab0p1MSezQJWAFhrsYfXBfLkt6w3mPS0f+USBdIfqwkFsOIOdnMfx5DbBw==",
      "requires": {}
    },
    "altv-esbuild-client-worker": {
      "version": "0.1.1",
      "resolved": "https://registry.npmjs.org/altv-esbuild-client-worker/-/altv-esbuild-client-worker-0.1.1.tgz",
      "integrity": "sha512-jQy37cEZMDzOAKrIky7ZimfraGLUKCm2pGfVlyPD179aduhJi2TtjuKOFgHLxO+ZuiFmZpgVu3fpf+t1lMo71w==",
      "requires": {}
    },
    "esbuild": {
      "version": "0.13.8",
      "resolved": "https://registry.npmjs.org/esbuild/-/esbuild-0.13.8.tgz",
      "integrity": "sha512-A4af7G7YZLfG5OnARJRMtlpEsCkq/zHZQXewgPA864l9D6VjjbH1SuFYK/OSV6BtHwDGkdwyRrX0qQFLnMfUcw==",
      "requires": {
        "esbuild-android-arm64": "0.13.8",
        "esbuild-darwin-64": "0.13.8",
        "esbuild-darwin-arm64": "0.13.8",
        "esbuild-freebsd-64": "0.13.8",
        "esbuild-freebsd-arm64": "0.13.8",
        "esbuild-linux-32": "0.13.8",
        "esbuild-linux-64": "0.13.8",
        "esbuild-linux-arm": "0.13.8",
        "esbuild-linux-arm64": "0.13.8",
        "esbuild-linux-mips64le": "0.13.8",
        "esbuild-linux-ppc64le": "0.13.8",
        "esbuild-netbsd-64": "0.13.8",
        "esbuild-openbsd-64": "0.13.8",
        "esbuild-sunos-64": "0.13.8",
        "esbuild-windows-32": "0.13.8",
        "esbuild-windows-64": "0.13.8",
        "esbuild-windows-arm64": "0.13.8"
      }
    },
    "esbuild-android-arm64": {
      "version": "0.13.8",
      "resolved": "https://registry.npmjs.org/esbuild-android-arm64/-/esbuild-android-arm64-0.13.8.tgz",
      "integrity": "sha512-AilbChndywpk7CdKkNSZ9klxl+9MboLctXd9LwLo3b0dawmOF/i/t2U5d8LM6SbT1Xw36F8yngSUPrd8yPs2RA==",
      "optional": true
    },
    "esbuild-darwin-64": {
      "version": "0.13.8",
      "resolved": "https://registry.npmjs.org/esbuild-darwin-64/-/esbuild-darwin-64-0.13.8.tgz",
      "integrity": "sha512-b6sdiT84zV5LVaoF+UoMVGJzR/iE2vNUfUDfFQGrm4LBwM/PWXweKpuu6RD9mcyCq18cLxkP6w/LD/w9DtX3ng==",
      "optional": true
    },
    "esbuild-darwin-arm64": {
      "version": "0.13.8",
      "resolved": "https://registry.npmjs.org/esbuild-darwin-arm64/-/esbuild-darwin-arm64-0.13.8.tgz",
      "integrity": "sha512-R8YuPiiJayuJJRUBG4H0VwkEKo6AvhJs2m7Tl0JaIer3u1FHHXwGhMxjJDmK+kXwTFPriSysPvcobXC/UrrZCQ==",
      "optional": true
    },
    "esbuild-freebsd-64": {
      "version": "0.13.8",
      "resolved": "https://registry.npmjs.org/esbuild-freebsd-64/-/esbuild-freebsd-64-0.13.8.tgz",
      "integrity": "sha512-zBn6urrn8FnKC+YSgDxdof9jhPCeU8kR/qaamlV4gI8R3KUaUK162WYM7UyFVAlj9N0MyD3AtB+hltzu4cysTw==",
      "optional": true
    },
    "esbuild-freebsd-arm64": {
      "version": "0.13.8",
      "resolved": "https://registry.npmjs.org/esbuild-freebsd-arm64/-/esbuild-freebsd-arm64-0.13.8.tgz",
      "integrity": "sha512-pWW2slN7lGlkx0MOEBoUGwRX5UgSCLq3dy2c8RIOpiHtA87xAUpDBvZK10MykbT+aMfXc0NI2lu1X+6kI34xng==",
      "optional": true
    },
    "esbuild-linux-32": {
      "version": "0.13.8",
      "resolved": "https://registry.npmjs.org/esbuild-linux-32/-/esbuild-linux-32-0.13.8.tgz",
      "integrity": "sha512-T0I0ueeKVO/Is0CAeSEOG9s2jeNNb8jrrMwG9QBIm3UU18MRB60ERgkS2uV3fZ1vP2F8i3Z2e3Zju4lg9dhVmw==",
      "optional": true
    },
    "esbuild-linux-64": {
      "version": "0.13.8",
      "resolved": "https://registry.npmjs.org/esbuild-linux-64/-/esbuild-linux-64-0.13.8.tgz",
      "integrity": "sha512-Bm8SYmFtvfDCIu9sjKppFXzRXn2BVpuCinU1ChTuMtdKI/7aPpXIrkqBNOgPTOQO9AylJJc1Zw6EvtKORhn64w==",
      "optional": true
    },
    "esbuild-linux-arm": {
      "version": "0.13.8",
      "resolved": "https://registry.npmjs.org/esbuild-linux-arm/-/esbuild-linux-arm-0.13.8.tgz",
      "integrity": "sha512-4/HfcC40LJ4GPyboHA+db0jpFarTB628D1ifU+/5bunIgY+t6mHkJWyxWxAAE8wl/ZIuRYB9RJFdYpu1AXGPdg==",
      "optional": true
    },
    "esbuild-linux-arm64": {
      "version": "0.13.8",
      "resolved": "https://registry.npmjs.org/esbuild-linux-arm64/-/esbuild-linux-arm64-0.13.8.tgz",
      "integrity": "sha512-X4pWZ+SL+FJ09chWFgRNO3F+YtvAQRcWh0uxKqZSWKiWodAB20flsW/OWFYLXBKiVCTeoGMvENZS/GeVac7+tQ==",
      "optional": true
    },
    "esbuild-linux-mips64le": {
      "version": "0.13.8",
      "resolved": "https://registry.npmjs.org/esbuild-linux-mips64le/-/esbuild-linux-mips64le-0.13.8.tgz",
      "integrity": "sha512-o7e0D+sqHKT31v+mwFircJFjwSKVd2nbkHEn4l9xQ1hLR+Bv8rnt3HqlblY3+sBdlrOTGSwz0ReROlKUMJyldA==",
      "optional": true
    },
    "esbuild-linux-ppc64le": {
      "version": "0.13.8",
      "resolved": "https://registry.npmjs.org/esbuild-linux-ppc64le/-/esbuild-linux-ppc64le-0.13.8.tgz",
      "integrity": "sha512-eZSQ0ERsWkukJp2px/UWJHVNuy0lMoz/HZcRWAbB6reoaBw7S9vMzYNUnflfL3XA6WDs+dZn3ekHE4Y2uWLGig==",
      "optional": true
    },
    "esbuild-netbsd-64": {
      "version": "0.13.8",
      "resolved": "https://registry.npmjs.org/esbuild-netbsd-64/-/esbuild-netbsd-64-0.13.8.tgz",
      "integrity": "sha512-gZX4kP7gVvOrvX0ZwgHmbuHczQUwqYppxqtoyC7VNd80t5nBHOFXVhWo2Ad/Lms0E8b+wwgI/WjZFTCpUHOg9Q==",
      "optional": true
    },
    "esbuild-openbsd-64": {
      "version": "0.13.8",
      "resolved": "https://registry.npmjs.org/esbuild-openbsd-64/-/esbuild-openbsd-64-0.13.8.tgz",
      "integrity": "sha512-afzza308X4WmcebexbTzAgfEWt9MUkdTvwIa8xOu4CM2qGbl2LanqEl8/LUs8jh6Gqw6WsicEK52GPrS9wvkcw==",
      "optional": true
    },
    "esbuild-sunos-64": {
      "version": "0.13.8",
      "resolved": "https://registry.npmjs.org/esbuild-sunos-64/-/esbuild-sunos-64-0.13.8.tgz",
      "integrity": "sha512-mWPZibmBbuMKD+LDN23LGcOZ2EawMYBONMXXHmbuxeT0XxCNwadbCVwUQ/2p5Dp5Kvf6mhrlIffcnWOiCBpiVw==",
      "optional": true
    },
    "esbuild-windows-32": {
      "version": "0.13.8",
      "resolved": "https://registry.npmjs.org/esbuild-windows-32/-/esbuild-windows-32-0.13.8.tgz",
      "integrity": "sha512-QsZ1HnWIcnIEApETZWw8HlOhDSWqdZX2SylU7IzGxOYyVcX7QI06ety/aDcn437mwyO7Ph4RrbhB+2ntM8kX8A==",
      "optional": true
    },
    "esbuild-windows-64": {
      "version": "0.13.8",
      "resolved": "https://registry.npmjs.org/esbuild-windows-64/-/esbuild-windows-64-0.13.8.tgz",
      "integrity": "sha512-76Fb57B9eE/JmJi1QmUW0tRLQZfGo0it+JeYoCDTSlbTn7LV44ecOHIMJSSgZADUtRMWT9z0Kz186bnaB3amSg==",
      "optional": true
    },
    "esbuild-windows-arm64": {
      "version": "0.13.8",
      "resolved": "https://registry.npmjs.org/esbuild-windows-arm64/-/esbuild-windows-arm64-0.13.8.tgz",
      "integrity": "sha512-HW6Mtq5eTudllxY2YgT62MrVcn7oq2o8TAoAvDUhyiEmRmDY8tPwAhb1vxw5/cdkbukM3KdMYtksnUhF/ekWeg==",
      "optional": true
    }
  }
}
