{
  "name": "esbuild-any-named-export",
  "version": "1.0.0",
  "lockfileVersion": 2,
  "requires": true,
  "packages": {
    "": {
      "name": "esbuild-any-named-export",
      "version": "1.0.0",
      "license": "MIT",
      "dependencies": {
        "@altv/types-client": "^2.0.0",
        "@altv/types-natives": "^1.4.4",
        "@altv/types-shared": "^1.1.2",
        "altv-client-xstreamer": "^0.0.2",
        "altv-esbuild-client-worker": "^0.1.1",
        "esbuild": "^0.14.19"
      }
    },
    "node_modules/@altv/types-client": {
      "version": "2.0.0",
      "resolved": "https://registry.npmjs.org/@altv/types-client/-/types-client-2.0.0.tgz",
      "integrity": "sha512-Ev+hYKAqWhExlA+OFAIuO9UYZv+lrcpZugSprXeLpq8mL09zYZkCoB7BpFkbuycGQ8N3qwLMR5E1rxRoo+tO3w==",
      "license": "MIT",
      "peerDependencies": {
        "@altv/types-shared": "1.1.x",
        "@altv/types-worker": "1.0.x"
      }
    },
    "node_modules/@altv/types-natives": {
      "version": "1.4.4",
      "resolved": "https://registry.npmjs.org/@altv/types-natives/-/types-natives-1.4.4.tgz",
      "integrity": "sha512-qcIPhpRAhGnErtf3p1iVGL6CIUJWc1IdYJl6K9T5c7W8Nd9RM2cv4JIyQg3TTXLiu+1gAZlkD8KyYKIfs5BqnQ==",
      "license": "MIT",
      "peerDependencies": {
        "@altv/types-client": ">=1.7.0"
      }
    },
    "node_modules/@altv/types-shared": {
      "version": "1.1.2",
      "resolved": "https://registry.npmjs.org/@altv/types-shared/-/types-shared-1.1.2.tgz",
      "integrity": "sha512-jsSDRlIW+hsIMco1NkAUCUtf2oW83MfcA0Hhf0jkJjkx9ehl8n+YRGVRi4Mcejpt35BmAkTvgn1AvvAMk66miw==",
      "license": "MIT"
    },
    "node_modules/altv-client-xstreamer": {
      "version": "0.0.2",
      "resolved": "https://registry.npmjs.org/altv-client-xstreamer/-/altv-client-xstreamer-0.0.2.tgz",
      "integrity": "sha512-mvZ2bIEn3SDyvuxp2DqA/OeVD4ENab0p1MSezQJWAFhrsYfXBfLkt6w3mPS0f+USBdIfqwkFsOIOdnMfx5DbBw==",
      "license": "MIT",
      "peerDependencies": {
        "altv-esbuild-client-worker": "0.x"
      }
    },
    "node_modules/altv-esbuild-client-worker": {
      "version": "0.1.1",
      "resolved": "https://registry.npmjs.org/altv-esbuild-client-worker/-/altv-esbuild-client-worker-0.1.1.tgz",
      "integrity": "sha512-jQy37cEZMDzOAKrIky7ZimfraGLUKCm2pGfVlyPD179aduhJi2TtjuKOFgHLxO+ZuiFmZpgVu3fpf+t1lMo71w==",
      "license": "MIT",
      "peerDependencies": {
        "@altv/types-client": "2.x",
        "@altv/types-shared": "1.x",
        "esbuild": "0.x"
      }
    },
    "node_modules/esbuild": {
      "version": "0.14.19",
      "resolved": "https://registry.npmjs.org/esbuild/-/esbuild-0.14.19.tgz",
      "integrity": "sha512-aBbxc+wvD608wYlpKGtOjUGnhiM/0LLndrkVL8dYxIRb3I+lEBJ1w3i2A4rfd5z3Tf4IzJJ1c+HHliC02WQdJg==",
      "hasInstallScript": true,
      "license": "MIT",
      "bin": {
        "esbuild": "bin/esbuild"
      },
      "engines": {
        "node": ">=12"
      },
      "optionalDependencies": {
        "esbuild-android-arm64": "0.14.19",
        "esbuild-darwin-64": "0.14.19",
        "esbuild-darwin-arm64": "0.14.19",
        "esbuild-freebsd-64": "0.14.19",
        "esbuild-freebsd-arm64": "0.14.19",
        "esbuild-linux-32": "0.14.19",
        "esbuild-linux-64": "0.14.19",
        "esbuild-linux-arm": "0.14.19",
        "esbuild-linux-arm64": "0.14.19",
        "esbuild-linux-mips64le": "0.14.19",
        "esbuild-linux-ppc64le": "0.14.19",
        "esbuild-linux-s390x": "0.14.19",
        "esbuild-netbsd-64": "0.14.19",
        "esbuild-openbsd-64": "0.14.19",
        "esbuild-sunos-64": "0.14.19",
        "esbuild-windows-32": "0.14.19",
        "esbuild-windows-64": "0.14.19",
        "esbuild-windows-arm64": "0.14.19"
      }
    },
    "node_modules/esbuild-windows-64": {
      "version": "0.14.19",
      "resolved": "https://registry.npmjs.org/esbuild-windows-64/-/esbuild-windows-64-0.14.19.tgz",
      "integrity": "sha512-qtDhyyCgHPjVQXNWQsfs5+dzqXeOkD58RmowUx7ps8prmkCfsSz6Uv0z0xgz04+S7ozng3+JSWHRc3JklpvLOg==",
      "cpu": [
        "x64"
      ],
      "license": "MIT",
      "optional": true,
      "os": [
        "win32"
      ],
      "engines": {
        "node": ">=12"
      }
    }
  },
  "dependencies": {
    "@altv/types-client": {
      "version": "2.0.0",
      "resolved": "https://registry.npmjs.org/@altv/types-client/-/types-client-2.0.0.tgz",
      "integrity": "sha512-Ev+hYKAqWhExlA+OFAIuO9UYZv+lrcpZugSprXeLpq8mL09zYZkCoB7BpFkbuycGQ8N3qwLMR5E1rxRoo+tO3w==",
      "requires": {}
    },
    "@altv/types-natives": {
      "version": "1.4.4",
      "resolved": "https://registry.npmjs.org/@altv/types-natives/-/types-natives-1.4.4.tgz",
      "integrity": "sha512-qcIPhpRAhGnErtf3p1iVGL6CIUJWc1IdYJl6K9T5c7W8Nd9RM2cv4JIyQg3TTXLiu+1gAZlkD8KyYKIfs5BqnQ==",
      "requires": {}
    },
    "@altv/types-shared": {
      "version": "1.1.2",
      "resolved": "https://registry.npmjs.org/@altv/types-shared/-/types-shared-1.1.2.tgz",
      "integrity": "sha512-jsSDRlIW+hsIMco1NkAUCUtf2oW83MfcA0Hhf0jkJjkx9ehl8n+YRGVRi4Mcejpt35BmAkTvgn1AvvAMk66miw=="
    },
    "altv-client-xstreamer": {
      "version": "0.0.2",
      "resolved": "https://registry.npmjs.org/altv-client-xstreamer/-/altv-client-xstreamer-0.0.2.tgz",
      "integrity": "sha512-mvZ2bIEn3SDyvuxp2DqA/OeVD4ENab0p1MSezQJWAFhrsYfXBfLkt6w3mPS0f+USBdIfqwkFsOIOdnMfx5DbBw==",
      "requires": {}
    },
    "altv-esbuild-client-worker": {
      "version": "0.1.1",
      "resolved": "https://registry.npmjs.org/altv-esbuild-client-worker/-/altv-esbuild-client-worker-0.1.1.tgz",
      "integrity": "sha512-jQy37cEZMDzOAKrIky7ZimfraGLUKCm2pGfVlyPD179aduhJi2TtjuKOFgHLxO+ZuiFmZpgVu3fpf+t1lMo71w==",
      "requires": {}
    },
    "esbuild": {
      "version": "0.14.19",
      "resolved": "https://registry.npmjs.org/esbuild/-/esbuild-0.14.19.tgz",
      "integrity": "sha512-aBbxc+wvD608wYlpKGtOjUGnhiM/0LLndrkVL8dYxIRb3I+lEBJ1w3i2A4rfd5z3Tf4IzJJ1c+HHliC02WQdJg==",
      "requires": {
        "esbuild-android-arm64": "0.14.19",
        "esbuild-darwin-64": "0.14.19",
        "esbuild-darwin-arm64": "0.14.19",
        "esbuild-freebsd-64": "0.14.19",
        "esbuild-freebsd-arm64": "0.14.19",
        "esbuild-linux-32": "0.14.19",
        "esbuild-linux-64": "0.14.19",
        "esbuild-linux-arm": "0.14.19",
        "esbuild-linux-arm64": "0.14.19",
        "esbuild-linux-mips64le": "0.14.19",
        "esbuild-linux-ppc64le": "0.14.19",
        "esbuild-linux-s390x": "0.14.19",
        "esbuild-netbsd-64": "0.14.19",
        "esbuild-openbsd-64": "0.14.19",
        "esbuild-sunos-64": "0.14.19",
        "esbuild-windows-32": "0.14.19",
        "esbuild-windows-64": "0.14.19",
        "esbuild-windows-arm64": "0.14.19"
      }
    },
    "esbuild-windows-64": {
      "version": "0.14.19",
      "resolved": "https://registry.npmjs.org/esbuild-windows-64/-/esbuild-windows-64-0.14.19.tgz",
      "integrity": "sha512-qtDhyyCgHPjVQXNWQsfs5+dzqXeOkD58RmowUx7ps8prmkCfsSz6Uv0z0xgz04+S7ozng3+JSWHRc3JklpvLOg==",
      "optional": true
    }
  }
}
