# THIS IS AN AUTOGENERATED FILE. DO NOT EDIT THIS FILE DIRECTLY.
# yarn lockfile v1


"@altv/types-client@^2.0.0", "@altv/types-client@>=1.7.0", "@altv/types-client@2.0.x", "@altv/types-client@2.x":
  "integrity" "sha512-Ev+hYKAqWhExlA+OFAIuO9UYZv+lrcpZugSprXeLpq8mL09zYZkCoB7BpFkbuycGQ8N3qwLMR5E1rxRoo+tO3w=="
  "resolved" "https://registry.npmjs.org/@altv/types-client/-/types-client-2.0.0.tgz"
  "version" "2.0.0"

"@altv/types-natives@^1.4.4":
  "integrity" "sha512-qcIPhpRAhGnErtf3p1iVGL6CIUJWc1IdYJl6K9T5c7W8Nd9RM2cv4JIyQg3TTXLiu+1gAZlkD8KyYKIfs5BqnQ=="
  "resolved" "https://registry.npmjs.org/@altv/types-natives/-/types-natives-1.4.4.tgz"
  "version" "1.4.4"

"@altv/types-shared@^1.1.2", "@altv/types-shared@1.1.x", "@altv/types-shared@1.x":
  "integrity" "sha512-jsSDRlIW+hsIMco1NkAUCUtf2oW83MfcA0Hhf0jkJjkx9ehl8n+YRGVRi4Mcejpt35BmAkTvgn1AvvAMk66miw=="
  "resolved" "https://registry.npmjs.org/@altv/types-shared/-/types-shared-1.1.2.tgz"
  "version" "1.1.2"

"@altv/types-worker@1.0.x":
  "integrity" "sha512-BM8NlTVpKyf4gYy2jdUxMeoyoGM4xCvXdp8lDf2xqzBWd9CqZLfgoWCYLjhczh9fKkqprMkOJEAyPkgDd9h44A=="
  "resolved" "https://registry.npmjs.org/@altv/types-worker/-/types-worker-1.0.5.tgz"
  "version" "1.0.5"

"altv-client-xstreamer@^0.0.2":
  "integrity" "sha512-mvZ2bIEn3SDyvuxp2DqA/OeVD4ENab0p1MSezQJWAFhrsYfXBfLkt6w3mPS0f+USBdIfqwkFsOIOdnMfx5DbBw=="
  "resolved" "https://registry.npmjs.org/altv-client-xstreamer/-/altv-client-xstreamer-0.0.2.tgz"
  "version" "0.0.2"

"altv-esbuild-client-worker@^0.1.1", "altv-esbuild-client-worker@0.x":
  "integrity" "sha512-jQy37cEZMDzOAKrIky7ZimfraGLUKCm2pGfVlyPD179aduhJi2TtjuKOFgHLxO+ZuiFmZpgVu3fpf+t1lMo71w=="
  "resolved" "https://registry.npmjs.org/altv-esbuild-client-worker/-/altv-esbuild-client-worker-0.1.1.tgz"
  "version" "0.1.1"

"esbuild-windows-64@0.13.8":
  "integrity" "sha512-76Fb57B9eE/JmJi1QmUW0tRLQZfGo0it+JeYoCDTSlbTn7LV44ecOHIMJSSgZADUtRMWT9z0Kz186bnaB3amSg=="
  "resolved" "https://registry.npmjs.org/esbuild-windows-64/-/esbuild-windows-64-0.13.8.tgz"
  "version" "0.13.8"

"esbuild@^0.13.8", "esbuild@0.x":
  "integrity" "sha512-A4af7G7YZLfG5OnARJRMtlpEsCkq/zHZQXewgPA864l9D6VjjbH1SuFYK/OSV6BtHwDGkdwyRrX0qQFLnMfUcw=="
  "resolved" "https://registry.npmjs.org/esbuild/-/esbuild-0.13.8.tgz"
  "version" "0.13.8"
  optionalDependencies:
    "esbuild-android-arm64" "0.13.8"
    "esbuild-darwin-64" "0.13.8"
    "esbuild-darwin-arm64" "0.13.8"
    "esbuild-freebsd-64" "0.13.8"
    "esbuild-freebsd-arm64" "0.13.8"
    "esbuild-linux-32" "0.13.8"
    "esbuild-linux-64" "0.13.8"
    "esbuild-linux-arm" "0.13.8"
    "esbuild-linux-arm64" "0.13.8"
    "esbuild-linux-mips64le" "0.13.8"
    "esbuild-linux-ppc64le" "0.13.8"
    "esbuild-netbsd-64" "0.13.8"
    "esbuild-openbsd-64" "0.13.8"
    "esbuild-sunos-64" "0.13.8"
    "esbuild-windows-32" "0.13.8"
    "esbuild-windows-64" "0.13.8"
    "esbuild-windows-arm64" "0.13.8"
